
Microsoft Visual Studio Solution File, Format Version 12.00
# Visual Studio Version 17
VisualStudioVersion = 17.1.32421.90
MinimumVisualStudioVersion = 10.0.40219.1
Project("{FAE04EC0-301F-11D3-BF4B-00C04F79EFBC}") = "XUnitTesting_Implement", "XUnitTesting_Implement.csproj", "{1709EECA-8D5E-4AF4-99BE-3ED189556294}"
EndProject
Project("{FAE04EC0-301F-11D3-BF4B-00C04F79EFBC}") = "TestProjectStudents", "..\TestProjectStudents\TestProjectStudents.csproj", "{7F4BA710-8363-4DC0-9039-61A315753D5D}"
EndProject
Global
	GlobalSection(SolutionConfigurationPlatforms) = preSolution
		Debug|Any CPU = Debug|Any CPU
		Release|Any CPU = Release|Any CPU
	EndGlobalSection
	GlobalSection(ProjectConfigurationPlatforms) = postSolution
		{1709EECA-8D5E-4AF4-99BE-3ED189556294}.Debug|Any CPU.ActiveCfg = Debug|Any CPU
		{1709EECA-8D5E-4AF4-99BE-3ED189556294}.Debug|Any CPU.Build.0 = Debug|Any CPU
		{1709EECA-8D5E-4AF4-99BE-3ED189556294}.Release|Any CPU.ActiveCfg = Release|Any CPU
		{1709EECA-8D5E-4AF4-99BE-3ED189556294}.Release|Any CPU.Build.0 = Release|Any CPU
		{7F4BA710-8363-4DC0-9039-61A315753D5D}.Debug|Any CPU.ActiveCfg = Debug|Any CPU
		{7F4BA710-8363-4DC0-9039-61A315753D5D}.Debug|Any CPU.Build.0 = Debug|Any CPU
		{7F4BA710-8363-4DC0-9039-61A315753D5D}.Release|Any CPU.ActiveCfg = Release|Any CPU
		{7F4BA710-8363-4DC0-9039-61A315753D5D}.Release|Any CPU.Build.0 = Release|Any CPU
	EndGlobalSection
	GlobalSection(SolutionProperties) = preSolution
		HideSolutionNode = FALSE
	EndGlobalSection
	GlobalSection(ExtensibilityGlobals) = postSolution
		SolutionGuid = {9493ED21-B92C-4840-8A41-15A48ABB1C53}
	EndGlobalSection
EndGlobal
